
Microsoft Visual Studio Solution File, Format Version 12.00
# Visual Studio 15
VisualStudioVersion = 15.0.27703.2000
MinimumVisualStudioVersion = 10.0.40219.1
Project("{FAE04EC0-301F-11D3-BF4B-00C04F79EFBC}") = "UCMDev", "UCMDev\UCMDev.csproj", "{5E80C9F6-64E9-403C-B369-57C2721A9A71}"
EndProject
Project("{FAE04EC0-301F-11D3-BF4B-00C04F79EFBC}") = "UCMDev.Tests", "UCMDev.Tests\UCMDev.Tests.csproj", "{011C37E9-595B-496E-AEB2-1745A95DE208}"
EndProject
Project("{2150E333-8FDC-42A3-9474-1A3956D46DE8}") = "Solution Items", "Solution Items", "{ED3C5994-36BB-4D0C-91BE-DE4E6ACD4E3D}"
	ProjectSection(SolutionItems) = preProject
		CNAME.txt = CNAME.txt
	EndProjectSection
EndProject
Global
	GlobalSection(SolutionConfigurationPlatforms) = preSolution
		Debug|Any CPU = Debug|Any CPU
		Release|Any CPU = Release|Any CPU
	EndGlobalSection
	GlobalSection(ProjectConfigurationPlatforms) = postSolution
		{5E80C9F6-64E9-403C-B369-57C2721A9A71}.Debug|Any CPU.ActiveCfg = Debug|Any CPU
		{5E80C9F6-64E9-403C-B369-57C2721A9A71}.Debug|Any CPU.Build.0 = Debug|Any CPU
		{5E80C9F6-64E9-403C-B369-57C2721A9A71}.Release|Any CPU.ActiveCfg = Release|Any CPU
		{5E80C9F6-64E9-403C-B369-57C2721A9A71}.Release|Any CPU.Build.0 = Release|Any CPU
		{011C37E9-595B-496E-AEB2-1745A95DE208}.Debug|Any CPU.ActiveCfg = Debug|Any CPU
		{011C37E9-595B-496E-AEB2-1745A95DE208}.Debug|Any CPU.Build.0 = Debug|Any CPU
		{011C37E9-595B-496E-AEB2-1745A95DE208}.Release|Any CPU.ActiveCfg = Release|Any CPU
		{011C37E9-595B-496E-AEB2-1745A95DE208}.Release|Any CPU.Build.0 = Release|Any CPU
	EndGlobalSection
	GlobalSection(SolutionProperties) = preSolution
		HideSolutionNode = FALSE
	EndGlobalSection
	GlobalSection(ExtensibilityGlobals) = postSolution
		SolutionGuid = {B670621A-F877-4C53-ABED-10FBA93BC270}
	EndGlobalSection
EndGlobal
